
Microsoft Visual Studio Solution File, Format Version 12.00
# Visual Studio Version 16
VisualStudioVersion = 16.0.30503.244
MinimumVisualStudioVersion = 10.0.40219.1
Project("{F184B08F-C81C-45F6-A57F-5ABD9991F28F}") = "Visual Basic Test", "Visual Basic Test.vbproj", "{6FEB51F2-3368-474A-AE83-0402682FDB5A}"
EndProject
Global
	GlobalSection(SolutionConfigurationPlatforms) = preSolution
		Debug|Any CPU = Debug|Any CPU
		Release|Any CPU = Release|Any CPU
	EndGlobalSection
	GlobalSection(ProjectConfigurationPlatforms) = postSolution
		{6FEB51F2-3368-474A-AE83-0402682FDB5A}.Debug|Any CPU.ActiveCfg = Debug|Any CPU
		{6FEB51F2-3368-474A-AE83-0402682FDB5A}.Debug|Any CPU.Build.0 = Debug|Any CPU
		{6FEB51F2-3368-474A-AE83-0402682FDB5A}.Release|Any CPU.ActiveCfg = Release|Any CPU
		{6FEB51F2-3368-474A-AE83-0402682FDB5A}.Release|Any CPU.Build.0 = Release|Any CPU
	EndGlobalSection
	GlobalSection(SolutionProperties) = preSolution
		HideSolutionNode = FALSE
	EndGlobalSection
	GlobalSection(ExtensibilityGlobals) = postSolution
		SolutionGuid = {F8F66E6E-7CE4-4482-BCC8-17A153C849F7}
	EndGlobalSection
EndGlobal
